
Microsoft Visual Studio Solution File, Format Version 12.00
# Visual Studio Version 17
VisualStudioVersion = 17.8.34408.163
MinimumVisualStudioVersion = 10.0.40219.1
Project("{FAE04EC0-301F-11D3-BF4B-00C04F79EFBC}") = "Lab_3", "Lab_3\Lab_3.csproj", "{F3EECB87-C000-4E69-8FD6-6B226D8CE174}"
EndProject
Project("{9A19103F-16F7-4668-BE54-9A1E7A4F7556}") = "2_task", "2_task\2_task.csproj", "{92EEF042-C116-4FEE-B11E-2270E5AC1A72}"
EndProject
Project("{FAE04EC0-301F-11D3-BF4B-00C04F79EFBC}") = "Dop", "Dop\Dop.csproj", "{57F3335C-2700-4F76-99CB-99B21EDDCBA0}"
EndProject
Global
	GlobalSection(SolutionConfigurationPlatforms) = preSolution
		Debug|Any CPU = Debug|Any CPU
		Release|Any CPU = Release|Any CPU
	EndGlobalSection
	GlobalSection(ProjectConfigurationPlatforms) = postSolution
		{F3EECB87-C000-4E69-8FD6-6B226D8CE174}.Debug|Any CPU.ActiveCfg = Debug|Any CPU
		{F3EECB87-C000-4E69-8FD6-6B226D8CE174}.Debug|Any CPU.Build.0 = Debug|Any CPU
		{F3EECB87-C000-4E69-8FD6-6B226D8CE174}.Release|Any CPU.ActiveCfg = Release|Any CPU
		{F3EECB87-C000-4E69-8FD6-6B226D8CE174}.Release|Any CPU.Build.0 = Release|Any CPU
		{92EEF042-C116-4FEE-B11E-2270E5AC1A72}.Debug|Any CPU.ActiveCfg = Debug|Any CPU
		{92EEF042-C116-4FEE-B11E-2270E5AC1A72}.Debug|Any CPU.Build.0 = Debug|Any CPU
		{92EEF042-C116-4FEE-B11E-2270E5AC1A72}.Release|Any CPU.ActiveCfg = Release|Any CPU
		{92EEF042-C116-4FEE-B11E-2270E5AC1A72}.Release|Any CPU.Build.0 = Release|Any CPU
		{57F3335C-2700-4F76-99CB-99B21EDDCBA0}.Debug|Any CPU.ActiveCfg = Debug|Any CPU
		{57F3335C-2700-4F76-99CB-99B21EDDCBA0}.Debug|Any CPU.Build.0 = Debug|Any CPU
		{57F3335C-2700-4F76-99CB-99B21EDDCBA0}.Release|Any CPU.ActiveCfg = Release|Any CPU
		{57F3335C-2700-4F76-99CB-99B21EDDCBA0}.Release|Any CPU.Build.0 = Release|Any CPU
	EndGlobalSection
	GlobalSection(SolutionProperties) = preSolution
		HideSolutionNode = FALSE
	EndGlobalSection
	GlobalSection(ExtensibilityGlobals) = postSolution
		SolutionGuid = {68A8671B-144F-4645-B014-5E89E84232A9}
	EndGlobalSection
EndGlobal
