
Microsoft Visual Studio Solution File, Format Version 12.00
# Visual Studio Version 17
VisualStudioVersion = 17.8.34408.163
MinimumVisualStudioVersion = 10.0.40219.1
Project("{FAE04EC0-301F-11D3-BF4B-00C04F79EFBC}") = "Lab_4", "Lab_4\Lab_4.csproj", "{87D19AC9-CC91-44F1-AFD5-6374A0C54087}"
EndProject
Project("{9A19103F-16F7-4668-BE54-9A1E7A4F7556}") = "TestFrac", "TestFrac\TestFrac.csproj", "{FE4B98B1-EE69-4A29-A90A-FFF65B6C9FD5}"
EndProject
Project("{9A19103F-16F7-4668-BE54-9A1E7A4F7556}") = "TestComplex", "TestComplex\TestComplex.csproj", "{48829EA3-161D-4C88-86EC-936F9EC9AE91}"
EndProject
Global
	GlobalSection(SolutionConfigurationPlatforms) = preSolution
		Debug|Any CPU = Debug|Any CPU
		Release|Any CPU = Release|Any CPU
	EndGlobalSection
	GlobalSection(ProjectConfigurationPlatforms) = postSolution
		{87D19AC9-CC91-44F1-AFD5-6374A0C54087}.Debug|Any CPU.ActiveCfg = Debug|Any CPU
		{87D19AC9-CC91-44F1-AFD5-6374A0C54087}.Debug|Any CPU.Build.0 = Debug|Any CPU
		{87D19AC9-CC91-44F1-AFD5-6374A0C54087}.Release|Any CPU.ActiveCfg = Release|Any CPU
		{87D19AC9-CC91-44F1-AFD5-6374A0C54087}.Release|Any CPU.Build.0 = Release|Any CPU
		{FE4B98B1-EE69-4A29-A90A-FFF65B6C9FD5}.Debug|Any CPU.ActiveCfg = Debug|Any CPU
		{FE4B98B1-EE69-4A29-A90A-FFF65B6C9FD5}.Debug|Any CPU.Build.0 = Debug|Any CPU
		{FE4B98B1-EE69-4A29-A90A-FFF65B6C9FD5}.Release|Any CPU.ActiveCfg = Release|Any CPU
		{FE4B98B1-EE69-4A29-A90A-FFF65B6C9FD5}.Release|Any CPU.Build.0 = Release|Any CPU
		{48829EA3-161D-4C88-86EC-936F9EC9AE91}.Debug|Any CPU.ActiveCfg = Debug|Any CPU
		{48829EA3-161D-4C88-86EC-936F9EC9AE91}.Debug|Any CPU.Build.0 = Debug|Any CPU
		{48829EA3-161D-4C88-86EC-936F9EC9AE91}.Release|Any CPU.ActiveCfg = Release|Any CPU
		{48829EA3-161D-4C88-86EC-936F9EC9AE91}.Release|Any CPU.Build.0 = Release|Any CPU
	EndGlobalSection
	GlobalSection(SolutionProperties) = preSolution
		HideSolutionNode = FALSE
	EndGlobalSection
	GlobalSection(ExtensibilityGlobals) = postSolution
		SolutionGuid = {7E7F0B74-D8D9-48B7-81E9-71C11BC06A0B}
	EndGlobalSection
EndGlobal
